
Microsoft Visual Studio Solution File, Format Version 12.00
# Visual Studio Version 16
VisualStudioVersion = 16.0.31019.35
MinimumVisualStudioVersion = 10.0.40219.1
Project("{9A19103F-16F7-4668-BE54-9A1E7A4F7556}") = "TestBOL", "TestBOL\TestBOL.csproj", "{288FF3D9-59B4-4661-9054-44A7BD29D9E1}"
EndProject
Project("{FAE04EC0-301F-11D3-BF4B-00C04F79EFBC}") = "TestDAL", "TestDAL\TestDAL.csproj", "{89B01001-81BC-458B-B66C-C7F3B3F8A667}"
EndProject
Project("{FAE04EC0-301F-11D3-BF4B-00C04F79EFBC}") = "TestAPI", "TestAPI\TestAPI.csproj", "{A324A80A-E7A6-4E7A-9028-3096D88AABD8}"
EndProject
Global
	GlobalSection(SolutionConfigurationPlatforms) = preSolution
		Debug|Any CPU = Debug|Any CPU
		Release|Any CPU = Release|Any CPU
	EndGlobalSection
	GlobalSection(ProjectConfigurationPlatforms) = postSolution
		{288FF3D9-59B4-4661-9054-44A7BD29D9E1}.Debug|Any CPU.ActiveCfg = Debug|Any CPU
		{288FF3D9-59B4-4661-9054-44A7BD29D9E1}.Debug|Any CPU.Build.0 = Debug|Any CPU
		{288FF3D9-59B4-4661-9054-44A7BD29D9E1}.Release|Any CPU.ActiveCfg = Release|Any CPU
		{288FF3D9-59B4-4661-9054-44A7BD29D9E1}.Release|Any CPU.Build.0 = Release|Any CPU
		{89B01001-81BC-458B-B66C-C7F3B3F8A667}.Debug|Any CPU.ActiveCfg = Debug|Any CPU
		{89B01001-81BC-458B-B66C-C7F3B3F8A667}.Debug|Any CPU.Build.0 = Debug|Any CPU
		{89B01001-81BC-458B-B66C-C7F3B3F8A667}.Release|Any CPU.ActiveCfg = Release|Any CPU
		{89B01001-81BC-458B-B66C-C7F3B3F8A667}.Release|Any CPU.Build.0 = Release|Any CPU
		{A324A80A-E7A6-4E7A-9028-3096D88AABD8}.Debug|Any CPU.ActiveCfg = Debug|Any CPU
		{A324A80A-E7A6-4E7A-9028-3096D88AABD8}.Debug|Any CPU.Build.0 = Debug|Any CPU
		{A324A80A-E7A6-4E7A-9028-3096D88AABD8}.Release|Any CPU.ActiveCfg = Release|Any CPU
		{A324A80A-E7A6-4E7A-9028-3096D88AABD8}.Release|Any CPU.Build.0 = Release|Any CPU
	EndGlobalSection
	GlobalSection(SolutionProperties) = preSolution
		HideSolutionNode = FALSE
	EndGlobalSection
	GlobalSection(ExtensibilityGlobals) = postSolution
		SolutionGuid = {771311E6-8B59-4F57-9CF6-62BCFA06DD44}
	EndGlobalSection
EndGlobal
